
Microsoft Visual Studio Solution File, Format Version 12.00
# Visual Studio Version 16
VisualStudioVersion = 16.0.34729.46
MinimumVisualStudioVersion = 10.0.40219.1
Project("{FAE04EC0-301F-11D3-BF4B-00C04F79EFBC}") = "random_array", "random_array\random_array.csproj", "{FA5657DE-D668-4C8A-B021-4526406F03A8}"
EndProject
Global
	GlobalSection(SolutionConfigurationPlatforms) = preSolution
		Debug|Any CPU = Debug|Any CPU
		Release|Any CPU = Release|Any CPU
	EndGlobalSection
	GlobalSection(ProjectConfigurationPlatforms) = postSolution
		{FA5657DE-D668-4C8A-B021-4526406F03A8}.Debug|Any CPU.ActiveCfg = Debug|Any CPU
		{FA5657DE-D668-4C8A-B021-4526406F03A8}.Debug|Any CPU.Build.0 = Debug|Any CPU
		{FA5657DE-D668-4C8A-B021-4526406F03A8}.Release|Any CPU.ActiveCfg = Release|Any CPU
		{FA5657DE-D668-4C8A-B021-4526406F03A8}.Release|Any CPU.Build.0 = Release|Any CPU
	EndGlobalSection
	GlobalSection(SolutionProperties) = preSolution
		HideSolutionNode = FALSE
	EndGlobalSection
	GlobalSection(ExtensibilityGlobals) = postSolution
		SolutionGuid = {EDD9B177-DF4F-4E12-9F66-F9383D579948}
	EndGlobalSection
EndGlobal
